// !$*UTF8*$!
{
	archiveVersion = 1;
	classes = {
	};
	objectVersion = 50;
	objects = {

/* Begin PBXBuildFile section */
		09A34FB9164F0C8857E44032 /* libPods-MyAppTests.a in Frameworks */ = {isa = PBXBuildFile; fileRef = B32EAD19024C79CA344F299C /* libPods-MyAppTests.a */; };
		652838CCFC29E9DC2FBF0CB7 /* libPods-MyAppUITests.a in Frameworks */ = {isa = PBXBuildFile; fileRef = 54FD68B4FF2CE485367E6182 /* libPods-MyAppUITests.a */; };
		E3BC81E0677D089F7F5F3202 /* libPods-MyApp.a in Frameworks */ = {isa = PBXBuildFile; fileRef = F707DAB6C506256077AEF723 /* libPods-MyApp.a */; };
		F700729F21E8919C0005918D /* NSObject+YYModel.m in Sources */ = {isa = PBXBuildFile; fileRef = F700729C21E8919C0005918D /* NSObject+YYModel.m */; };
		F70072A021E8919C0005918D /* YYClassInfo.m in Sources */ = {isa = PBXBuildFile; fileRef = F700729D21E8919C0005918D /* YYClassInfo.m */; };
		F70072A921E892C40005918D /* WeatherInfo.m in Sources */ = {isa = PBXBuildFile; fileRef = F70072A821E892C40005918D /* WeatherInfo.m */; };
		F70072B921E896010005918D /* AFURLResponseSerialization.m in Sources */ = {isa = PBXBuildFile; fileRef = F70072AF21E896010005918D /* AFURLResponseSerialization.m */; };
		F70072BA21E896010005918D /* AFHTTPSessionManager.m in Sources */ = {isa = PBXBuildFile; fileRef = F70072B021E896010005918D /* AFHTTPSessionManager.m */; };
		F70072BB21E896010005918D /* AFURLSessionManager.m in Sources */ = {isa = PBXBuildFile; fileRef = F70072B221E896010005918D /* AFURLSessionManager.m */; };
		F70072BC21E896010005918D /* AFURLRequestSerialization.m in Sources */ = {isa = PBXBuildFile; fileRef = F70072B321E896010005918D /* AFURLRequestSerialization.m */; };
		F70072BD21E896010005918D /* AFNetworkReachabilityManager.m in Sources */ = {isa = PBXBuildFile; fileRef = F70072B521E896010005918D /* AFNetworkReachabilityManager.m */; };
		F70072BE21E896010005918D /* AFSecurityPolicy.m in Sources */ = {isa = PBXBuildFile; fileRef = F70072B621E896010005918D /* AFSecurityPolicy.m */; };
		F70072F921E8BCA60005918D /* CatalogueListAppModel.m in Sources */ = {isa = PBXBuildFile; fileRef = F70072F321E8BCA50005918D /* CatalogueListAppModel.m */; };
		F70072FA21E8BCA60005918D /* liveListModel.m in Sources */ = {isa = PBXBuildFile; fileRef = F70072F421E8BCA50005918D /* liveListModel.m */; };
		F70072FB21E8BCA60005918D /* ChildrenListModel.m in Sources */ = {isa = PBXBuildFile; fileRef = F70072F621E8BCA60005918D /* ChildrenListModel.m */; };
		F722E23421C88CA000E79AA6 /* AppDelegate.m in Sources */ = {isa = PBXBuildFile; fileRef = F722E23321C88CA000E79AA6 /* AppDelegate.m */; };
		F722E23A21C88CA000E79AA6 /* Main.storyboard in Resources */ = {isa = PBXBuildFile; fileRef = F722E23821C88CA000E79AA6 /* Main.storyboard */; };
		F722E23C21C88CA300E79AA6 /* Assets.xcassets in Resources */ = {isa = PBXBuildFile; fileRef = F722E23B21C88CA300E79AA6 /* Assets.xcassets */; };
		F722E23F21C88CA300E79AA6 /* LaunchScreen.storyboard in Resources */ = {isa = PBXBuildFile; fileRef = F722E23D21C88CA300E79AA6 /* LaunchScreen.storyboard */; };
		F722E24221C88CA300E79AA6 /* main.m in Sources */ = {isa = PBXBuildFile; fileRef = F722E24121C88CA300E79AA6 /* main.m */; };
		F722E24C21C88CA300E79AA6 /* MyAppTests.m in Sources */ = {isa = PBXBuildFile; fileRef = F722E24B21C88CA300E79AA6 /* MyAppTests.m */; };
		F722E25721C88CA300E79AA6 /* MyAppUITests.m in Sources */ = {isa = PBXBuildFile; fileRef = F722E25621C88CA300E79AA6 /* MyAppUITests.m */; };
		F7313DCA21D084D2002B11D3 /* UIColorGradientVCtrl.m in Sources */ = {isa = PBXBuildFile; fileRef = F7313DC921D084D2002B11D3 /* UIColorGradientVCtrl.m */; };
		F7313DE421D0968F002B11D3 /* MySectionHeaderView.m in Sources */ = {isa = PBXBuildFile; fileRef = F7313DE321D0968F002B11D3 /* MySectionHeaderView.m */; };
		F76D560921DDA5FA0011D709 /* TestSegmentViewController.m in Sources */ = {isa = PBXBuildFile; fileRef = F76D560821DDA5FA0011D709 /* TestSegmentViewController.m */; };
		F76D560F21DDA6B40011D709 /* BBComicSegmentView.m in Sources */ = {isa = PBXBuildFile; fileRef = F76D560D21DDA6B30011D709 /* BBComicSegmentView.m */; };
		F76D561021DDA6B40011D709 /* BBComicSegmentItem.m in Sources */ = {isa = PBXBuildFile; fileRef = F76D560E21DDA6B40011D709 /* BBComicSegmentItem.m */; };
		F76D561721DDE8AD0011D709 /* SegmentCalendarModel.m in Sources */ = {isa = PBXBuildFile; fileRef = F76D561621DDE8AD0011D709 /* SegmentCalendarModel.m */; };
		F76D563121DEF7F20011D709 /* BBComicHomeCalendarModel.m in Sources */ = {isa = PBXBuildFile; fileRef = F76D562F21DEF7F20011D709 /* BBComicHomeCalendarModel.m */; };
		F7707E5B21E48F4100224279 /* DDGAnimationPageControl.m in Sources */ = {isa = PBXBuildFile; fileRef = F7707E4821E48F4100224279 /* DDGAnimationPageControl.m */; };
		F7707E5C21E48F4100224279 /* UIColor+MyExtension.m in Sources */ = {isa = PBXBuildFile; fileRef = F7707E4921E48F4100224279 /* UIColor+MyExtension.m */; };
		F7707E5D21E48F4100224279 /* UIView+DDGExtension.m in Sources */ = {isa = PBXBuildFile; fileRef = F7707E4C21E48F4100224279 /* UIView+DDGExtension.m */; };
		F7707E5E21E48F4100224279 /* DDGBannerScrollView.m in Sources */ = {isa = PBXBuildFile; fileRef = F7707E4D21E48F4100224279 /* DDGBannerScrollView.m */; };
		F7707E5F21E48F4100224279 /* DDGCollectionViewCell.m in Sources */ = {isa = PBXBuildFile; fileRef = F7707E4F21E48F4100224279 /* DDGCollectionViewCell.m */; };
		F7707E6021E48F4100224279 /* DDGAnimatedDotView.m in Sources */ = {isa = PBXBuildFile; fileRef = F7707E5021E48F4100224279 /* DDGAnimatedDotView.m */; };
		F7707E6121E48F4100224279 /* DDGPageControl.m in Sources */ = {isa = PBXBuildFile; fileRef = F7707E5221E48F4100224279 /* DDGPageControl.m */; };
		F7707E6221E48F4100224279 /* DDGAbstractDotView.m in Sources */ = {isa = PBXBuildFile; fileRef = F7707E5321E48F4100224279 /* DDGAbstractDotView.m */; };
		F7707E6321E48F4100224279 /* DDGHorizontalPageControl.m in Sources */ = {isa = PBXBuildFile; fileRef = F7707E5621E48F4100224279 /* DDGHorizontalPageControl.m */; };
		F7707E6421E48F4100224279 /* DDGDotView.m in Sources */ = {isa = PBXBuildFile; fileRef = F7707E5A21E48F4100224279 /* DDGDotView.m */; };
		F771E82A21C9F6FF00DE2C28 /* HXNavBar.m in Sources */ = {isa = PBXBuildFile; fileRef = F771E81221C9F6FE00DE2C28 /* HXNavBar.m */; };
		F771E82B21C9F6FF00DE2C28 /* HXMessageAlertTool.m in Sources */ = {isa = PBXBuildFile; fileRef = F771E81421C9F6FE00DE2C28 /* HXMessageAlertTool.m */; };
		F771E82C21C9F6FF00DE2C28 /* UIImage+LLExtension.m in Sources */ = {isa = PBXBuildFile; fileRef = F771E81721C9F6FE00DE2C28 /* UIImage+LLExtension.m */; };
		F771E82E21C9F6FF00DE2C28 /* HXStaticConstant.m in Sources */ = {isa = PBXBuildFile; fileRef = F771E81B21C9F6FE00DE2C28 /* HXStaticConstant.m */; };
		F771E82F21C9F6FF00DE2C28 /* RefreshTool.m in Sources */ = {isa = PBXBuildFile; fileRef = F771E81C21C9F6FE00DE2C28 /* RefreshTool.m */; };
		F771E83021C9F6FF00DE2C28 /* Foundation+Log.m in Sources */ = {isa = PBXBuildFile; fileRef = F771E81E21C9F6FE00DE2C28 /* Foundation+Log.m */; };
		F771E83121C9F6FF00DE2C28 /* XZMBProgressManager.m in Sources */ = {isa = PBXBuildFile; fileRef = F771E81F21C9F6FE00DE2C28 /* XZMBProgressManager.m */; };
		F771E83221C9F6FF00DE2C28 /* UIBarButtonItem+LLExtension.m in Sources */ = {isa = PBXBuildFile; fileRef = F771E82121C9F6FE00DE2C28 /* UIBarButtonItem+LLExtension.m */; };
		F771E83321C9F6FF00DE2C28 /* UIView+LLExtension.m in Sources */ = {isa = PBXBuildFile; fileRef = F771E82221C9F6FE00DE2C28 /* UIView+LLExtension.m */; };
		F771E83421C9F6FF00DE2C28 /* Constant.m in Sources */ = {isa = PBXBuildFile; fileRef = F771E82321C9F6FE00DE2C28 /* Constant.m */; };
		F771E83521C9F6FF00DE2C28 /* LLBaseShowView.m in Sources */ = {isa = PBXBuildFile; fileRef = F771E82821C9F6FE00DE2C28 /* LLBaseShowView.m */; };
		F771E83D21C9FDD700DE2C28 /* MineViewController.m in Sources */ = {isa = PBXBuildFile; fileRef = F771E83A21C9FDD700DE2C28 /* MineViewController.m */; };
		F771E84321C9FDDF00DE2C28 /* MyTabViewController.m in Sources */ = {isa = PBXBuildFile; fileRef = F771E83F21C9FDDF00DE2C28 /* MyTabViewController.m */; };
		F771E84421C9FDDF00DE2C28 /* LLNavigationController.m in Sources */ = {isa = PBXBuildFile; fileRef = F771E84021C9FDDF00DE2C28 /* LLNavigationController.m */; };
		F771E84C21C9FDE400DE2C28 /* MyButton.m in Sources */ = {isa = PBXBuildFile; fileRef = F771E84821C9FDE400DE2C28 /* MyButton.m */; };
		F771E84D21C9FDE400DE2C28 /* TestmMyButtonVCtrl.m in Sources */ = {isa = PBXBuildFile; fileRef = F771E84A21C9FDE400DE2C28 /* TestmMyButtonVCtrl.m */; };
		F771E85421C9FDEB00DE2C28 /* HomeViewController.m in Sources */ = {isa = PBXBuildFile; fileRef = F771E85021C9FDEB00DE2C28 /* HomeViewController.m */; };
		F771E85A21C9FDF100DE2C28 /* BaseViewController.m in Sources */ = {isa = PBXBuildFile; fileRef = F771E85621C9FDF100DE2C28 /* BaseViewController.m */; };
		F771E85B21C9FDF100DE2C28 /* ViewController.m in Sources */ = {isa = PBXBuildFile; fileRef = F771E85721C9FDF100DE2C28 /* ViewController.m */; };
		F771E85E21CA2F7900DE2C28 /* UIAleartViewController.m in Sources */ = {isa = PBXBuildFile; fileRef = F771E85D21CA2F7900DE2C28 /* UIAleartViewController.m */; };
		F771E86121CA2FB000DE2C28 /* MyAleartView.m in Sources */ = {isa = PBXBuildFile; fileRef = F771E86021CA2FB000DE2C28 /* MyAleartView.m */; };
/* End PBXBuildFile section */

/* Begin PBXContainerItemProxy section */
		F722E24821C88CA300E79AA6 /* PBXContainerItemProxy */ = {
			isa = PBXContainerItemProxy;
			containerPortal = F722E22721C88CA000E79AA6 /* Project object */;
			proxyType = 1;
			remoteGlobalIDString = F722E22E21C88CA000E79AA6;
			remoteInfo = MyApp;
		};
		F722E25321C88CA300E79AA6 /* PBXContainerItemProxy */ = {
			isa = PBXContainerItemProxy;
			containerPortal = F722E22721C88CA000E79AA6 /* Project object */;
			proxyType = 1;
			remoteGlobalIDString = F722E22E21C88CA000E79AA6;
			remoteInfo = MyApp;
		};
/* End PBXContainerItemProxy section */

/* Begin PBXFileReference section */
		0D5ADCCD574E726B681291DF /* Pods-MyAppTests.release.xcconfig */ = {isa = PBXFileReference; includeInIndex = 1; lastKnownFileType = text.xcconfig; name = "Pods-MyAppTests.release.xcconfig"; path = "Pods/Target Support Files/Pods-MyAppTests/Pods-MyAppTests.release.xcconfig"; sourceTree = "<group>"; };
		3FA2B9EE3FA57E5338FD5492 /* Pods-MyApp.debug.xcconfig */ = {isa = PBXFileReference; includeInIndex = 1; lastKnownFileType = text.xcconfig; name = "Pods-MyApp.debug.xcconfig"; path = "Pods/Target Support Files/Pods-MyApp/Pods-MyApp.debug.xcconfig"; sourceTree = "<group>"; };
		54FD68B4FF2CE485367E6182 /* libPods-MyAppUITests.a */ = {isa = PBXFileReference; explicitFileType = archive.ar; includeInIndex = 0; path = "libPods-MyAppUITests.a"; sourceTree = BUILT_PRODUCTS_DIR; };
		5EBA39ED1BE244273309A2EB /* Pods-MyAppTests.debug.xcconfig */ = {isa = PBXFileReference; includeInIndex = 1; lastKnownFileType = text.xcconfig; name = "Pods-MyAppTests.debug.xcconfig"; path = "Pods/Target Support Files/Pods-MyAppTests/Pods-MyAppTests.debug.xcconfig"; sourceTree = "<group>"; };
		6DED534F39832B88806A7C57 /* Pods-MyApp.release.xcconfig */ = {isa = PBXFileReference; includeInIndex = 1; lastKnownFileType = text.xcconfig; name = "Pods-MyApp.release.xcconfig"; path = "Pods/Target Support Files/Pods-MyApp/Pods-MyApp.release.xcconfig"; sourceTree = "<group>"; };
		B32EAD19024C79CA344F299C /* libPods-MyAppTests.a */ = {isa = PBXFileReference; explicitFileType = archive.ar; includeInIndex = 0; path = "libPods-MyAppTests.a"; sourceTree = BUILT_PRODUCTS_DIR; };
		CD777752F154A25E957F26CF /* Pods-MyAppUITests.release.xcconfig */ = {isa = PBXFileReference; includeInIndex = 1; lastKnownFileType = text.xcconfig; name = "Pods-MyAppUITests.release.xcconfig"; path = "Pods/Target Support Files/Pods-MyAppUITests/Pods-MyAppUITests.release.xcconfig"; sourceTree = "<group>"; };
		E386FEBEDB136B6B43FE9175 /* Pods-MyAppUITests.debug.xcconfig */ = {isa = PBXFileReference; includeInIndex = 1; lastKnownFileType = text.xcconfig; name = "Pods-MyAppUITests.debug.xcconfig"; path = "Pods/Target Support Files/Pods-MyAppUITests/Pods-MyAppUITests.debug.xcconfig"; sourceTree = "<group>"; };
		F700729A21E8919C0005918D /* YYClassInfo.h */ = {isa = PBXFileReference; fileEncoding = 4; lastKnownFileType = sourcecode.c.h; path = YYClassInfo.h; sourceTree = "<group>"; };
		F700729B21E8919C0005918D /* YYModel.h */ = {isa = PBXFileReference; fileEncoding = 4; lastKnownFileType = sourcecode.c.h; path = YYModel.h; sourceTree = "<group>"; };
		F700729C21E8919C0005918D /* NSObject+YYModel.m */ = {isa = PBXFileReference; fileEncoding = 4; lastKnownFileType = sourcecode.c.objc; path = "NSObject+YYModel.m"; sourceTree = "<group>"; };
		F700729D21E8919C0005918D /* YYClassInfo.m */ = {isa = PBXFileReference; fileEncoding = 4; lastKnownFileType = sourcecode.c.objc; path = YYClassInfo.m; sourceTree = "<group>"; };
		F700729E21E8919C0005918D /* NSObject+YYModel.h */ = {isa = PBXFileReference; fileEncoding = 4; lastKnownFileType = sourcecode.c.h; path = "NSObject+YYModel.h"; sourceTree = "<group>"; };
		F70072A721E892C40005918D /* WeatherInfo.h */ = {isa = PBXFileReference; lastKnownFileType = sourcecode.c.h; path = WeatherInfo.h; sourceTree = "<group>"; };
		F70072A821E892C40005918D /* WeatherInfo.m */ = {isa = PBXFileReference; lastKnownFileType = sourcecode.c.objc; path = WeatherInfo.m; sourceTree = "<group>"; };
		F70072AB21E896010005918D /* AFSecurityPolicy.h */ = {isa = PBXFileReference; fileEncoding = 4; lastKnownFileType = sourcecode.c.h; path = AFSecurityPolicy.h; sourceTree = "<group>"; };
		F70072AC21E896010005918D /* AFNetworkReachabilityManager.h */ = {isa = PBXFileReference; fileEncoding = 4; lastKnownFileType = sourcecode.c.h; path = AFNetworkReachabilityManager.h; sourceTree = "<group>"; };
		F70072AD21E896010005918D /* AFURLSessionManager.h */ = {isa = PBXFileReference; fileEncoding = 4; lastKnownFileType = sourcecode.c.h; path = AFURLSessionManager.h; sourceTree = "<group>"; };
		F70072AE21E896010005918D /* AFURLRequestSerialization.h */ = {isa = PBXFileReference; fileEncoding = 4; lastKnownFileType = sourcecode.c.h; path = AFURLRequestSerialization.h; sourceTree = "<group>"; };
		F70072AF21E896010005918D /* AFURLResponseSerialization.m */ = {isa = PBXFileReference; fileEncoding = 4; lastKnownFileType = sourcecode.c.objc; path = AFURLResponseSerialization.m; sourceTree = "<group>"; };
		F70072B021E896010005918D /* AFHTTPSessionManager.m */ = {isa = PBXFileReference; fileEncoding = 4; lastKnownFileType = sourcecode.c.objc; path = AFHTTPSessionManager.m; sourceTree = "<group>"; };
		F70072B121E896010005918D /* AFURLResponseSerialization.h */ = {isa = PBXFileReference; fileEncoding = 4; lastKnownFileType = sourcecode.c.h; path = AFURLResponseSerialization.h; sourceTree = "<group>"; };
		F70072B221E896010005918D /* AFURLSessionManager.m */ = {isa = PBXFileReference; fileEncoding = 4; lastKnownFileType = sourcecode.c.objc; path = AFURLSessionManager.m; sourceTree = "<group>"; };
		F70072B321E896010005918D /* AFURLRequestSerialization.m */ = {isa = PBXFileReference; fileEncoding = 4; lastKnownFileType = sourcecode.c.objc; path = AFURLRequestSerialization.m; sourceTree = "<group>"; };
		F70072B421E896010005918D /* AFNetworking.h */ = {isa = PBXFileReference; fileEncoding = 4; lastKnownFileType = sourcecode.c.h; path = AFNetworking.h; sourceTree = "<group>"; };
		F70072B521E896010005918D /* AFNetworkReachabilityManager.m */ = {isa = PBXFileReference; fileEncoding = 4; lastKnownFileType = sourcecode.c.objc; path = AFNetworkReachabilityManager.m; sourceTree = "<group>"; };
		F70072B621E896010005918D /* AFSecurityPolicy.m */ = {isa = PBXFileReference; fileEncoding = 4; lastKnownFileType = sourcecode.c.objc; path = AFSecurityPolicy.m; sourceTree = "<group>"; };
		F70072B721E896010005918D /* AFCompatibilityMacros.h */ = {isa = PBXFileReference; fileEncoding = 4; lastKnownFileType = sourcecode.c.h; path = AFCompatibilityMacros.h; sourceTree = "<group>"; };
		F70072B821E896010005918D /* AFHTTPSessionManager.h */ = {isa = PBXFileReference; fileEncoding = 4; lastKnownFileType = sourcecode.c.h; path = AFHTTPSessionManager.h; sourceTree = "<group>"; };
		F70072F321E8BCA50005918D /* CatalogueListAppModel.m */ = {isa = PBXFileReference; fileEncoding = 4; lastKnownFileType = sourcecode.c.objc; path = CatalogueListAppModel.m; sourceTree = "<group>"; };
		F70072F421E8BCA50005918D /* liveListModel.m */ = {isa = PBXFileReference; fileEncoding = 4; lastKnownFileType = sourcecode.c.objc; path = liveListModel.m; sourceTree = "<group>"; };
		F70072F521E8BCA60005918D /* ChildrenListModel.h */ = {isa = PBXFileReference; fileEncoding = 4; lastKnownFileType = sourcecode.c.h; path = ChildrenListModel.h; sourceTree = "<group>"; };
		F70072F621E8BCA60005918D /* ChildrenListModel.m */ = {isa = PBXFileReference; fileEncoding = 4; lastKnownFileType = sourcecode.c.objc; path = ChildrenListModel.m; sourceTree = "<group>"; };
		F70072F721E8BCA60005918D /* CatalogueListAppModel.h */ = {isa = PBXFileReference; fileEncoding = 4; lastKnownFileType = sourcecode.c.h; path = CatalogueListAppModel.h; sourceTree = "<group>"; };
		F70072F821E8BCA60005918D /* liveListModel.h */ = {isa = PBXFileReference; fileEncoding = 4; lastKnownFileType = sourcecode.c.h; path = liveListModel.h; sourceTree = "<group>"; };
		F707DAB6C506256077AEF723 /* libPods-MyApp.a */ = {isa = PBXFileReference; explicitFileType = archive.ar; includeInIndex = 0; path = "libPods-MyApp.a"; sourceTree = BUILT_PRODUCTS_DIR; };
		F722E22F21C88CA000E79AA6 /* MyApp.app */ = {isa = PBXFileReference; explicitFileType = wrapper.application; includeInIndex = 0; path = MyApp.app; sourceTree = BUILT_PRODUCTS_DIR; };
		F722E23221C88CA000E79AA6 /* AppDelegate.h */ = {isa = PBXFileReference; lastKnownFileType = sourcecode.c.h; path = AppDelegate.h; sourceTree = "<group>"; };
		F722E23321C88CA000E79AA6 /* AppDelegate.m */ = {isa = PBXFileReference; lastKnownFileType = sourcecode.c.objc; path = AppDelegate.m; sourceTree = "<group>"; };
		F722E23921C88CA000E79AA6 /* Base */ = {isa = PBXFileReference; lastKnownFileType = file.storyboard; name = Base; path = Base.lproj/Main.storyboard; sourceTree = "<group>"; };
		F722E23B21C88CA300E79AA6 /* Assets.xcassets */ = {isa = PBXFileReference; lastKnownFileType = folder.assetcatalog; path = Assets.xcassets; sourceTree = "<group>"; };
		F722E23E21C88CA300E79AA6 /* Base */ = {isa = PBXFileReference; lastKnownFileType = file.storyboard; name = Base; path = Base.lproj/LaunchScreen.storyboard; sourceTree = "<group>"; };
		F722E24021C88CA300E79AA6 /* Info.plist */ = {isa = PBXFileReference; lastKnownFileType = text.plist.xml; path = Info.plist; sourceTree = "<group>"; };
		F722E24121C88CA300E79AA6 /* main.m */ = {isa = PBXFileReference; lastKnownFileType = sourcecode.c.objc; path = main.m; sourceTree = "<group>"; };
		F722E24721C88CA300E79AA6 /* MyAppTests.xctest */ = {isa = PBXFileReference; explicitFileType = wrapper.cfbundle; includeInIndex = 0; path = MyAppTests.xctest; sourceTree = BUILT_PRODUCTS_DIR; };
		F722E24B21C88CA300E79AA6 /* MyAppTests.m */ = {isa = PBXFileReference; lastKnownFileType = sourcecode.c.objc; path = MyAppTests.m; sourceTree = "<group>"; };
		F722E24D21C88CA300E79AA6 /* Info.plist */ = {isa = PBXFileReference; lastKnownFileType = text.plist.xml; path = Info.plist; sourceTree = "<group>"; };
		F722E25221C88CA300E79AA6 /* MyAppUITests.xctest */ = {isa = PBXFileReference; explicitFileType = wrapper.cfbundle; includeInIndex = 0; path = MyAppUITests.xctest; sourceTree = BUILT_PRODUCTS_DIR; };
		F722E25621C88CA300E79AA6 /* MyAppUITests.m */ = {isa = PBXFileReference; lastKnownFileType = sourcecode.c.objc; path = MyAppUITests.m; sourceTree = "<group>"; };
		F722E25821C88CA300E79AA6 /* Info.plist */ = {isa = PBXFileReference; lastKnownFileType = text.plist.xml; path = Info.plist; sourceTree = "<group>"; };
		F7313DC821D084D2002B11D3 /* UIColorGradientVCtrl.h */ = {isa = PBXFileReference; lastKnownFileType = sourcecode.c.h; path = UIColorGradientVCtrl.h; sourceTree = "<group>"; };
		F7313DC921D084D2002B11D3 /* UIColorGradientVCtrl.m */ = {isa = PBXFileReference; lastKnownFileType = sourcecode.c.objc; path = UIColorGradientVCtrl.m; sourceTree = "<group>"; };
		F7313DE221D0968F002B11D3 /* MySectionHeaderView.h */ = {isa = PBXFileReference; lastKnownFileType = sourcecode.c.h; path = MySectionHeaderView.h; sourceTree = "<group>"; };
		F7313DE321D0968F002B11D3 /* MySectionHeaderView.m */ = {isa = PBXFileReference; lastKnownFileType = sourcecode.c.objc; path = MySectionHeaderView.m; sourceTree = "<group>"; };
		F76D560721DDA5FA0011D709 /* TestSegmentViewController.h */ = {isa = PBXFileReference; lastKnownFileType = sourcecode.c.h; path = TestSegmentViewController.h; sourceTree = "<group>"; };
		F76D560821DDA5FA0011D709 /* TestSegmentViewController.m */ = {isa = PBXFileReference; lastKnownFileType = sourcecode.c.objc; path = TestSegmentViewController.m; sourceTree = "<group>"; };
		F76D560B21DDA6B30011D709 /* BBComicSegmentView.h */ = {isa = PBXFileReference; fileEncoding = 4; lastKnownFileType = sourcecode.c.h; path = BBComicSegmentView.h; sourceTree = "<group>"; };
		F76D560C21DDA6B30011D709 /* BBComicSegmentItem.h */ = {isa = PBXFileReference; fileEncoding = 4; lastKnownFileType = sourcecode.c.h; path = BBComicSegmentItem.h; sourceTree = "<group>"; };
		F76D560D21DDA6B30011D709 /* BBComicSegmentView.m */ = {isa = PBXFileReference; fileEncoding = 4; lastKnownFileType = sourcecode.c.objc; path = BBComicSegmentView.m; sourceTree = "<group>"; };
		F76D560E21DDA6B40011D709 /* BBComicSegmentItem.m */ = {isa = PBXFileReference; fileEncoding = 4; lastKnownFileType = sourcecode.c.objc; path = BBComicSegmentItem.m; sourceTree = "<group>"; };
		F76D561521DDE8AD0011D709 /* SegmentCalendarModel.h */ = {isa = PBXFileReference; lastKnownFileType = sourcecode.c.h; path = SegmentCalendarModel.h; sourceTree = "<group>"; };
		F76D561621DDE8AD0011D709 /* SegmentCalendarModel.m */ = {isa = PBXFileReference; lastKnownFileType = sourcecode.c.objc; path = SegmentCalendarModel.m; sourceTree = "<group>"; };
		F76D562F21DEF7F20011D709 /* BBComicHomeCalendarModel.m */ = {isa = PBXFileReference; fileEncoding = 4; lastKnownFileType = sourcecode.c.objc; path = BBComicHomeCalendarModel.m; sourceTree = "<group>"; };
		F76D563021DEF7F20011D709 /* BBComicHomeCalendarModel.h */ = {isa = PBXFileReference; fileEncoding = 4; lastKnownFileType = sourcecode.c.h; path = BBComicHomeCalendarModel.h; sourceTree = "<group>"; };
		F7707E4721E48F4100224279 /* DDGPageControl.h */ = {isa = PBXFileReference; fileEncoding = 4; lastKnownFileType = sourcecode.c.h; path = DDGPageControl.h; sourceTree = "<group>"; };
		F7707E4821E48F4100224279 /* DDGAnimationPageControl.m */ = {isa = PBXFileReference; fileEncoding = 4; lastKnownFileType = sourcecode.c.objc; path = DDGAnimationPageControl.m; sourceTree = "<group>"; };
		F7707E4921E48F4100224279 /* UIColor+MyExtension.m */ = {isa = PBXFileReference; fileEncoding = 4; lastKnownFileType = sourcecode.c.objc; path = "UIColor+MyExtension.m"; sourceTree = "<group>"; };
		F7707E4A21E48F4100224279 /* DDGAbstractDotView.h */ = {isa = PBXFileReference; fileEncoding = 4; lastKnownFileType = sourcecode.c.h; path = DDGAbstractDotView.h; sourceTree = "<group>"; };
		F7707E4B21E48F4100224279 /* DDGHorizontalPageControl.h */ = {isa = PBXFileReference; fileEncoding = 4; lastKnownFileType = sourcecode.c.h; path = DDGHorizontalPageControl.h; sourceTree = "<group>"; };
		F7707E4C21E48F4100224279 /* UIView+DDGExtension.m */ = {isa = PBXFileReference; fileEncoding = 4; lastKnownFileType = sourcecode.c.objc; path = "UIView+DDGExtension.m"; sourceTree = "<group>"; };
		F7707E4D21E48F4100224279 /* DDGBannerScrollView.m */ = {isa = PBXFileReference; fileEncoding = 4; lastKnownFileType = sourcecode.c.objc; path = DDGBannerScrollView.m; sourceTree = "<group>"; };
		F7707E4E21E48F4100224279 /* DDGDotView.h */ = {isa = PBXFileReference; fileEncoding = 4; lastKnownFileType = sourcecode.c.h; path = DDGDotView.h; sourceTree = "<group>"; };
		F7707E4F21E48F4100224279 /* DDGCollectionViewCell.m */ = {isa = PBXFileReference; fileEncoding = 4; lastKnownFileType = sourcecode.c.objc; path = DDGCollectionViewCell.m; sourceTree = "<group>"; };
		F7707E5021E48F4100224279 /* DDGAnimatedDotView.m */ = {isa = PBXFileReference; fileEncoding = 4; lastKnownFileType = sourcecode.c.objc; path = DDGAnimatedDotView.m; sourceTree = "<group>"; };
		F7707E5121E48F4100224279 /* DDGAnimationPageControl.h */ = {isa = PBXFileReference; fileEncoding = 4; lastKnownFileType = sourcecode.c.h; path = DDGAnimationPageControl.h; sourceTree = "<group>"; };
		F7707E5221E48F4100224279 /* DDGPageControl.m */ = {isa = PBXFileReference; fileEncoding = 4; lastKnownFileType = sourcecode.c.objc; path = DDGPageControl.m; sourceTree = "<group>"; };
		F7707E5321E48F4100224279 /* DDGAbstractDotView.m */ = {isa = PBXFileReference; fileEncoding = 4; lastKnownFileType = sourcecode.c.objc; path = DDGAbstractDotView.m; sourceTree = "<group>"; };
		F7707E5421E48F4100224279 /* UIColor+MyExtension.h */ = {isa = PBXFileReference; fileEncoding = 4; lastKnownFileType = sourcecode.c.h; path = "UIColor+MyExtension.h"; sourceTree = "<group>"; };
		F7707E5521E48F4100224279 /* UIView+DDGExtension.h */ = {isa = PBXFileReference; fileEncoding = 4; lastKnownFileType = sourcecode.c.h; path = "UIView+DDGExtension.h"; sourceTree = "<group>"; };
		F7707E5621E48F4100224279 /* DDGHorizontalPageControl.m */ = {isa = PBXFileReference; fileEncoding = 4; lastKnownFileType = sourcecode.c.objc; path = DDGHorizontalPageControl.m; sourceTree = "<group>"; };
		F7707E5721E48F4100224279 /* DDGAnimatedDotView.h */ = {isa = PBXFileReference; fileEncoding = 4; lastKnownFileType = sourcecode.c.h; path = DDGAnimatedDotView.h; sourceTree = "<group>"; };
		F7707E5821E48F4100224279 /* DDGCollectionViewCell.h */ = {isa = PBXFileReference; fileEncoding = 4; lastKnownFileType = sourcecode.c.h; path = DDGCollectionViewCell.h; sourceTree = "<group>"; };
		F7707E5921E48F4100224279 /* DDGBannerScrollView.h */ = {isa = PBXFileReference; fileEncoding = 4; lastKnownFileType = sourcecode.c.h; path = DDGBannerScrollView.h; sourceTree = "<group>"; };
		F7707E5A21E48F4100224279 /* DDGDotView.m */ = {isa = PBXFileReference; fileEncoding = 4; lastKnownFileType = sourcecode.c.objc; path = DDGDotView.m; sourceTree = "<group>"; };
		F771E81221C9F6FE00DE2C28 /* HXNavBar.m */ = {isa = PBXFileReference; fileEncoding = 4; lastKnownFileType = sourcecode.c.objc; path = HXNavBar.m; sourceTree = "<group>"; };
		F771E81321C9F6FE00DE2C28 /* XZMBProgressManager.h */ = {isa = PBXFileReference; fileEncoding = 4; lastKnownFileType = sourcecode.c.h; path = XZMBProgressManager.h; sourceTree = "<group>"; };
		F771E81421C9F6FE00DE2C28 /* HXMessageAlertTool.m */ = {isa = PBXFileReference; fileEncoding = 4; lastKnownFileType = sourcecode.c.objc; path = HXMessageAlertTool.m; sourceTree = "<group>"; };
		F771E81521C9F6FE00DE2C28 /* UIView+LLExtension.h */ = {isa = PBXFileReference; fileEncoding = 4; lastKnownFileType = sourcecode.c.h; path = "UIView+LLExtension.h"; sourceTree = "<group>"; };
		F771E81621C9F6FE00DE2C28 /* UIBarButtonItem+LLExtension.h */ = {isa = PBXFileReference; fileEncoding = 4; lastKnownFileType = sourcecode.c.h; path = "UIBarButtonItem+LLExtension.h"; sourceTree = "<group>"; };
		F771E81721C9F6FE00DE2C28 /* UIImage+LLExtension.m */ = {isa = PBXFileReference; fileEncoding = 4; lastKnownFileType = sourcecode.c.objc; path = "UIImage+LLExtension.m"; sourceTree = "<group>"; };
		F771E81821C9F6FE00DE2C28 /* Constant.h */ = {isa = PBXFileReference; fileEncoding = 4; lastKnownFileType = sourcecode.c.h; path = Constant.h; sourceTree = "<group>"; };
		F771E81A21C9F6FE00DE2C28 /* LLBaseShowView.h */ = {isa = PBXFileReference; fileEncoding = 4; lastKnownFileType = sourcecode.c.h; path = LLBaseShowView.h; sourceTree = "<group>"; };
		F771E81B21C9F6FE00DE2C28 /* HXStaticConstant.m */ = {isa = PBXFileReference; fileEncoding = 4; lastKnownFileType = sourcecode.c.objc; path = HXStaticConstant.m; sourceTree = "<group>"; };
		F771E81C21C9F6FE00DE2C28 /* RefreshTool.m */ = {isa = PBXFileReference; fileEncoding = 4; lastKnownFileType = sourcecode.c.objc; path = RefreshTool.m; sourceTree = "<group>"; };
		F771E81D21C9F6FE00DE2C28 /* HXMessageAlertTool.h */ = {isa = PBXFileReference; fileEncoding = 4; lastKnownFileType = sourcecode.c.h; path = HXMessageAlertTool.h; sourceTree = "<group>"; };
		F771E81E21C9F6FE00DE2C28 /* Foundation+Log.m */ = {isa = PBXFileReference; fileEncoding = 4; lastKnownFileType = sourcecode.c.objc; path = "Foundation+Log.m"; sourceTree = "<group>"; };
		F771E81F21C9F6FE00DE2C28 /* XZMBProgressManager.m */ = {isa = PBXFileReference; fileEncoding = 4; lastKnownFileType = sourcecode.c.objc; path = XZMBProgressManager.m; sourceTree = "<group>"; };
		F771E82021C9F6FE00DE2C28 /* HXNavBar.h */ = {isa = PBXFileReference; fileEncoding = 4; lastKnownFileType = sourcecode.c.h; path = HXNavBar.h; sourceTree = "<group>"; };
		F771E82121C9F6FE00DE2C28 /* UIBarButtonItem+LLExtension.m */ = {isa = PBXFileReference; fileEncoding = 4; lastKnownFileType = sourcecode.c.objc; path = "UIBarButtonItem+LLExtension.m"; sourceTree = "<group>"; };
		F771E82221C9F6FE00DE2C28 /* UIView+LLExtension.m */ = {isa = PBXFileReference; fileEncoding = 4; lastKnownFileType = sourcecode.c.objc; path = "UIView+LLExtension.m"; sourceTree = "<group>"; };
		F771E82321C9F6FE00DE2C28 /* Constant.m */ = {isa = PBXFileReference; fileEncoding = 4; lastKnownFileType = sourcecode.c.objc; path = Constant.m; sourceTree = "<group>"; };
		F771E82421C9F6FE00DE2C28 /* UIImage+LLExtension.h */ = {isa = PBXFileReference; fileEncoding = 4; lastKnownFileType = sourcecode.c.h; path = "UIImage+LLExtension.h"; sourceTree = "<group>"; };
		F771E82621C9F6FE00DE2C28 /* RefreshTool.h */ = {isa = PBXFileReference; fileEncoding = 4; lastKnownFileType = sourcecode.c.h; path = RefreshTool.h; sourceTree = "<group>"; };
		F771E82721C9F6FE00DE2C28 /* HXStaticConstant.h */ = {isa = PBXFileReference; fileEncoding = 4; lastKnownFileType = sourcecode.c.h; path = HXStaticConstant.h; sourceTree = "<group>"; };
		F771E82821C9F6FE00DE2C28 /* LLBaseShowView.m */ = {isa = PBXFileReference; fileEncoding = 4; lastKnownFileType = sourcecode.c.objc; path = LLBaseShowView.m; sourceTree = "<group>"; };
		F771E83621C9F85600DE2C28 /* PrefixHeader.pch */ = {isa = PBXFileReference; lastKnownFileType = sourcecode.c.h; path = PrefixHeader.pch; sourceTree = "<group>"; };
		F771E83921C9FDD700DE2C28 /* MineViewController.h */ = {isa = PBXFileReference; fileEncoding = 4; lastKnownFileType = sourcecode.c.h; path = MineViewController.h; sourceTree = "<group>"; };
		F771E83A21C9FDD700DE2C28 /* MineViewController.m */ = {isa = PBXFileReference; fileEncoding = 4; lastKnownFileType = sourcecode.c.objc; path = MineViewController.m; sourceTree = "<group>"; };
		F771E83F21C9FDDF00DE2C28 /* MyTabViewController.m */ = {isa = PBXFileReference; fileEncoding = 4; lastKnownFileType = sourcecode.c.objc; path = MyTabViewController.m; sourceTree = "<group>"; };
		F771E84021C9FDDF00DE2C28 /* LLNavigationController.m */ = {isa = PBXFileReference; fileEncoding = 4; lastKnownFileType = sourcecode.c.objc; path = LLNavigationController.m; sourceTree = "<group>"; };
		F771E84121C9FDDF00DE2C28 /* MyTabViewController.h */ = {isa = PBXFileReference; fileEncoding = 4; lastKnownFileType = sourcecode.c.h; path = MyTabViewController.h; sourceTree = "<group>"; };
		F771E84221C9FDDF00DE2C28 /* LLNavigationController.h */ = {isa = PBXFileReference; fileEncoding = 4; lastKnownFileType = sourcecode.c.h; path = LLNavigationController.h; sourceTree = "<group>"; };
		F771E84721C9FDE400DE2C28 /* MyButton.h */ = {isa = PBXFileReference; fileEncoding = 4; lastKnownFileType = sourcecode.c.h; path = MyButton.h; sourceTree = "<group>"; };
		F771E84821C9FDE400DE2C28 /* MyButton.m */ = {isa = PBXFileReference; fileEncoding = 4; lastKnownFileType = sourcecode.c.objc; path = MyButton.m; sourceTree = "<group>"; };
		F771E84A21C9FDE400DE2C28 /* TestmMyButtonVCtrl.m */ = {isa = PBXFileReference; fileEncoding = 4; lastKnownFileType = sourcecode.c.objc; path = TestmMyButtonVCtrl.m; sourceTree = "<group>"; };
		F771E84B21C9FDE400DE2C28 /* TestmMyButtonVCtrl.h */ = {isa = PBXFileReference; fileEncoding = 4; lastKnownFileType = sourcecode.c.h; path = TestmMyButtonVCtrl.h; sourceTree = "<group>"; };
		F771E85021C9FDEB00DE2C28 /* HomeViewController.m */ = {isa = PBXFileReference; fileEncoding = 4; lastKnownFileType = sourcecode.c.objc; path = HomeViewController.m; sourceTree = "<group>"; };
		F771E85121C9FDEB00DE2C28 /* HomeViewController.h */ = {isa = PBXFileReference; fileEncoding = 4; lastKnownFileType = sourcecode.c.h; path = HomeViewController.h; sourceTree = "<group>"; };
		F771E85621C9FDF100DE2C28 /* BaseViewController.m */ = {isa = PBXFileReference; fileEncoding = 4; lastKnownFileType = sourcecode.c.objc; path = BaseViewController.m; sourceTree = "<group>"; };
		F771E85721C9FDF100DE2C28 /* ViewController.m */ = {isa = PBXFileReference; fileEncoding = 4; lastKnownFileType = sourcecode.c.objc; path = ViewController.m; sourceTree = "<group>"; };
		F771E85821C9FDF100DE2C28 /* BaseViewController.h */ = {isa = PBXFileReference; fileEncoding = 4; lastKnownFileType = sourcecode.c.h; path = BaseViewController.h; sourceTree = "<group>"; };
		F771E85921C9FDF100DE2C28 /* ViewController.h */ = {isa = PBXFileReference; fileEncoding = 4; lastKnownFileType = sourcecode.c.h; path = ViewController.h; sourceTree = "<group>"; };
		F771E85C21CA2F7900DE2C28 /* UIAleartViewController.h */ = {isa = PBXFileReference; lastKnownFileType = sourcecode.c.h; path = UIAleartViewController.h; sourceTree = "<group>"; };
		F771E85D21CA2F7900DE2C28 /* UIAleartViewController.m */ = {isa = PBXFileReference; lastKnownFileType = sourcecode.c.objc; path = UIAleartViewController.m; sourceTree = "<group>"; };
		F771E85F21CA2FB000DE2C28 /* MyAleartView.h */ = {isa = PBXFileReference; lastKnownFileType = sourcecode.c.h; path = MyAleartView.h; sourceTree = "<group>"; };
		F771E86021CA2FB000DE2C28 /* MyAleartView.m */ = {isa = PBXFileReference; lastKnownFileType = sourcecode.c.objc; path = MyAleartView.m; sourceTree = "<group>"; };
/* End PBXFileReference section */

/* Begin PBXFrameworksBuildPhase section */
		F722E22C21C88CA000E79AA6 /* Frameworks */ = {
			isa = PBXFrameworksBuildPhase;
			buildActionMask = 2147483647;
			files = (
				E3BC81E0677D089F7F5F3202 /* libPods-MyApp.a in Frameworks */,
			);
			runOnlyForDeploymentPostprocessing = 0;
		};
		F722E24421C88CA300E79AA6 /* Frameworks */ = {
			isa = PBXFrameworksBuildPhase;
			buildActionMask = 2147483647;
			files = (
				09A34FB9164F0C8857E44032 /* libPods-MyAppTests.a in Frameworks */,
			);
			runOnlyForDeploymentPostprocessing = 0;
		};
		F722E24F21C88CA300E79AA6 /* Frameworks */ = {
			isa = PBXFrameworksBuildPhase;
			buildActionMask = 2147483647;
			files = (
				652838CCFC29E9DC2FBF0CB7 /* libPods-MyAppUITests.a in Frameworks */,
			);
			runOnlyForDeploymentPostprocessing = 0;
		};
/* End PBXFrameworksBuildPhase section */

/* Begin PBXGroup section */
		D1F43217782DE8E939B2E27B /* Pods */ = {
			isa = PBXGroup;
			children = (
				3FA2B9EE3FA57E5338FD5492 /* Pods-MyApp.debug.xcconfig */,
				6DED534F39832B88806A7C57 /* Pods-MyApp.release.xcconfig */,
				5EBA39ED1BE244273309A2EB /* Pods-MyAppTests.debug.xcconfig */,
				0D5ADCCD574E726B681291DF /* Pods-MyAppTests.release.xcconfig */,
				E386FEBEDB136B6B43FE9175 /* Pods-MyAppUITests.debug.xcconfig */,
				CD777752F154A25E957F26CF /* Pods-MyAppUITests.release.xcconfig */,
			);
			name = Pods;
			sourceTree = "<group>";
		};
		DC545819CC6AFB6AA8E3AD5E /* Frameworks */ = {
			isa = PBXGroup;
			children = (
				F707DAB6C506256077AEF723 /* libPods-MyApp.a */,
				B32EAD19024C79CA344F299C /* libPods-MyAppTests.a */,
				54FD68B4FF2CE485367E6182 /* libPods-MyAppUITests.a */,
			);
			name = Frameworks;
			sourceTree = "<group>";
		};
		F700729921E8919C0005918D /* YYModel */ = {
			isa = PBXGroup;
			children = (
				F700729A21E8919C0005918D /* YYClassInfo.h */,
				F700729B21E8919C0005918D /* YYModel.h */,
				F700729C21E8919C0005918D /* NSObject+YYModel.m */,
				F700729D21E8919C0005918D /* YYClassInfo.m */,
				F700729E21E8919C0005918D /* NSObject+YYModel.h */,
			);
			path = YYModel;
			sourceTree = "<group>";
		};
		F70072A421E892B20005918D /* Model */ = {
			isa = PBXGroup;
			children = (
				F70072A721E892C40005918D /* WeatherInfo.h */,
				F70072A821E892C40005918D /* WeatherInfo.m */,
				F70072F821E8BCA60005918D /* liveListModel.h */,
				F70072F421E8BCA50005918D /* liveListModel.m */,
				F70072F521E8BCA60005918D /* ChildrenListModel.h */,
				F70072F621E8BCA60005918D /* ChildrenListModel.m */,
				F70072F721E8BCA60005918D /* CatalogueListAppModel.h */,
				F70072F321E8BCA50005918D /* CatalogueListAppModel.m */,
			);
			path = Model;
			sourceTree = "<group>";
		};
		F70072AA21E896010005918D /* AFNetworking */ = {
			isa = PBXGroup;
			children = (
				F70072AB21E896010005918D /* AFSecurityPolicy.h */,
				F70072AC21E896010005918D /* AFNetworkReachabilityManager.h */,
				F70072AD21E896010005918D /* AFURLSessionManager.h */,
				F70072AE21E896010005918D /* AFURLRequestSerialization.h */,
				F70072AF21E896010005918D /* AFURLResponseSerialization.m */,
				F70072B021E896010005918D /* AFHTTPSessionManager.m */,
				F70072B121E896010005918D /* AFURLResponseSerialization.h */,
				F70072B221E896010005918D /* AFURLSessionManager.m */,
				F70072B321E896010005918D /* AFURLRequestSerialization.m */,
				F70072B421E896010005918D /* AFNetworking.h */,
				F70072B521E896010005918D /* AFNetworkReachabilityManager.m */,
				F70072B621E896010005918D /* AFSecurityPolicy.m */,
				F70072B721E896010005918D /* AFCompatibilityMacros.h */,
				F70072B821E896010005918D /* AFHTTPSessionManager.h */,
			);
			name = AFNetworking;
			path = "../../../../../../Downloads/AFNetworking-master/AFNetworking";
			sourceTree = "<group>";
		};
		F722E22621C88CA000E79AA6 = {
			isa = PBXGroup;
			children = (
				F722E23121C88CA000E79AA6 /* MyApp */,
				F722E24A21C88CA300E79AA6 /* MyAppTests */,
				F722E25521C88CA300E79AA6 /* MyAppUITests */,
				F722E23021C88CA000E79AA6 /* Products */,
				D1F43217782DE8E939B2E27B /* Pods */,
				DC545819CC6AFB6AA8E3AD5E /* Frameworks */,
			);
			sourceTree = "<group>";
		};
		F722E23021C88CA000E79AA6 /* Products */ = {
			isa = PBXGroup;
			children = (
				F722E22F21C88CA000E79AA6 /* MyApp.app */,
				F722E24721C88CA300E79AA6 /* MyAppTests.xctest */,
				F722E25221C88CA300E79AA6 /* MyAppUITests.xctest */,
			);
			name = Products;
			sourceTree = "<group>";
		};
		F722E23121C88CA000E79AA6 /* MyApp */ = {
			isa = PBXGroup;
			children = (
				F771E85521C9FDF100DE2C28 /* Base */,
				F771E84E21C9FDEB00DE2C28 /* Home */,
				F771E84521C9FDE400DE2C28 /* Test */,
				F771E83E21C9FDDE00DE2C28 /* Tabar */,
				F771E83721C9FDD700DE2C28 /* Mine */,
				F771E81121C9F6FE00DE2C28 /* Category */,
				F722E23221C88CA000E79AA6 /* AppDelegate.h */,
				F722E23321C88CA000E79AA6 /* AppDelegate.m */,
				F722E23821C88CA000E79AA6 /* Main.storyboard */,
				F722E23B21C88CA300E79AA6 /* Assets.xcassets */,
				F722E23D21C88CA300E79AA6 /* LaunchScreen.storyboard */,
				F722E24021C88CA300E79AA6 /* Info.plist */,
				F722E24121C88CA300E79AA6 /* main.m */,
			);
			path = MyApp;
			sourceTree = "<group>";
		};
		F722E24A21C88CA300E79AA6 /* MyAppTests */ = {
			isa = PBXGroup;
			children = (
				F722E24B21C88CA300E79AA6 /* MyAppTests.m */,
				F722E24D21C88CA300E79AA6 /* Info.plist */,
			);
			path = MyAppTests;
			sourceTree = "<group>";
		};
		F722E25521C88CA300E79AA6 /* MyAppUITests */ = {
			isa = PBXGroup;
			children = (
				F722E25621C88CA300E79AA6 /* MyAppUITests.m */,
				F722E25821C88CA300E79AA6 /* Info.plist */,
			);
			path = MyAppUITests;
			sourceTree = "<group>";
		};
		F76D560A21DDA6A60011D709 /* SegmentView */ = {
			isa = PBXGroup;
			children = (
				F76D560C21DDA6B30011D709 /* BBComicSegmentItem.h */,
				F76D560E21DDA6B40011D709 /* BBComicSegmentItem.m */,
				F76D560B21DDA6B30011D709 /* BBComicSegmentView.h */,
				F76D560D21DDA6B30011D709 /* BBComicSegmentView.m */,
			);
			path = SegmentView;
			sourceTree = "<group>";
		};
		F76D561421DDE8710011D709 /* TestModels */ = {
			isa = PBXGroup;
			children = (
				F76D563021DEF7F20011D709 /* BBComicHomeCalendarModel.h */,
				F76D562F21DEF7F20011D709 /* BBComicHomeCalendarModel.m */,
				F76D561521DDE8AD0011D709 /* SegmentCalendarModel.h */,
				F76D561621DDE8AD0011D709 /* SegmentCalendarModel.m */,
			);
			path = TestModels;
			sourceTree = "<group>";
		};
		F7707E4621E48F4100224279 /* DDGBannerScrollView */ = {
			isa = PBXGroup;
			children = (
				F7707E4721E48F4100224279 /* DDGPageControl.h */,
				F7707E4821E48F4100224279 /* DDGAnimationPageControl.m */,
				F7707E4921E48F4100224279 /* UIColor+MyExtension.m */,
				F7707E4A21E48F4100224279 /* DDGAbstractDotView.h */,
				F7707E4B21E48F4100224279 /* DDGHorizontalPageControl.h */,
				F7707E4C21E48F4100224279 /* UIView+DDGExtension.m */,
				F7707E4D21E48F4100224279 /* DDGBannerScrollView.m */,
				F7707E4E21E48F4100224279 /* DDGDotView.h */,
				F7707E4F21E48F4100224279 /* DDGCollectionViewCell.m */,
				F7707E5021E48F4100224279 /* DDGAnimatedDotView.m */,
				F7707E5121E48F4100224279 /* DDGAnimationPageControl.h */,
				F7707E5221E48F4100224279 /* DDGPageControl.m */,
				F7707E5321E48F4100224279 /* DDGAbstractDotView.m */,
				F7707E5421E48F4100224279 /* UIColor+MyExtension.h */,
				F7707E5521E48F4100224279 /* UIView+DDGExtension.h */,
				F7707E5621E48F4100224279 /* DDGHorizontalPageControl.m */,
				F7707E5721E48F4100224279 /* DDGAnimatedDotView.h */,
				F7707E5821E48F4100224279 /* DDGCollectionViewCell.h */,
				F7707E5921E48F4100224279 /* DDGBannerScrollView.h */,
				F7707E5A21E48F4100224279 /* DDGDotView.m */,
			);
			path = DDGBannerScrollView;
			sourceTree = "<group>";
		};
		F771E81121C9F6FE00DE2C28 /* Category */ = {
			isa = PBXGroup;
			children = (
				F771E83621C9F85600DE2C28 /* PrefixHeader.pch */,
				F771E81221C9F6FE00DE2C28 /* HXNavBar.m */,
				F771E81321C9F6FE00DE2C28 /* XZMBProgressManager.h */,
				F771E81F21C9F6FE00DE2C28 /* XZMBProgressManager.m */,
				F771E81421C9F6FE00DE2C28 /* HXMessageAlertTool.m */,
				F771E81521C9F6FE00DE2C28 /* UIView+LLExtension.h */,
				F771E81621C9F6FE00DE2C28 /* UIBarButtonItem+LLExtension.h */,
				F771E81721C9F6FE00DE2C28 /* UIImage+LLExtension.m */,
				F771E81821C9F6FE00DE2C28 /* Constant.h */,
				F771E82321C9F6FE00DE2C28 /* Constant.m */,
				F771E81A21C9F6FE00DE2C28 /* LLBaseShowView.h */,
				F771E81B21C9F6FE00DE2C28 /* HXStaticConstant.m */,
				F771E81C21C9F6FE00DE2C28 /* RefreshTool.m */,
				F771E81D21C9F6FE00DE2C28 /* HXMessageAlertTool.h */,
				F771E81E21C9F6FE00DE2C28 /* Foundation+Log.m */,
				F771E82021C9F6FE00DE2C28 /* HXNavBar.h */,
				F771E82121C9F6FE00DE2C28 /* UIBarButtonItem+LLExtension.m */,
				F771E82221C9F6FE00DE2C28 /* UIView+LLExtension.m */,
				F771E82421C9F6FE00DE2C28 /* UIImage+LLExtension.h */,
				F771E82621C9F6FE00DE2C28 /* RefreshTool.h */,
				F771E82721C9F6FE00DE2C28 /* HXStaticConstant.h */,
				F771E82821C9F6FE00DE2C28 /* LLBaseShowView.m */,
			);
			path = Category;
			sourceTree = "<group>";
		};
		F771E83721C9FDD700DE2C28 /* Mine */ = {
			isa = PBXGroup;
			children = (
				F70072A421E892B20005918D /* Model */,
				F771E83821C9FDD700DE2C28 /* VC */,
				F771E83C21C9FDD700DE2C28 /* view */,
			);
			path = Mine;
			sourceTree = "<group>";
		};
		F771E83821C9FDD700DE2C28 /* VC */ = {
			isa = PBXGroup;
			children = (
				F70072AA21E896010005918D /* AFNetworking */,
				F700729921E8919C0005918D /* YYModel */,
				F771E83921C9FDD700DE2C28 /* MineViewController.h */,
				F771E83A21C9FDD700DE2C28 /* MineViewController.m */,
			);
			path = VC;
			sourceTree = "<group>";
		};
		F771E83C21C9FDD700DE2C28 /* view */ = {
			isa = PBXGroup;
			children = (
			);
			path = view;
			sourceTree = "<group>";
		};
		F771E83E21C9FDDE00DE2C28 /* Tabar */ = {
			isa = PBXGroup;
			children = (
				F771E84121C9FDDF00DE2C28 /* MyTabViewController.h */,
				F771E83F21C9FDDF00DE2C28 /* MyTabViewController.m */,
				F771E84021C9FDDF00DE2C28 /* LLNavigationController.m */,
				F771E84221C9FDDF00DE2C28 /* LLNavigationController.h */,
			);
			path = Tabar;
			sourceTree = "<group>";
		};
		F771E84521C9FDE400DE2C28 /* Test */ = {
			isa = PBXGroup;
			children = (
				F76D561421DDE8710011D709 /* TestModels */,
				F771E84621C9FDE400DE2C28 /* TestView */,
				F771E84921C9FDE400DE2C28 /* TestVC */,
			);
			path = Test;
			sourceTree = "<group>";
		};
		F771E84621C9FDE400DE2C28 /* TestView */ = {
			isa = PBXGroup;
			children = (
				F7707E4621E48F4100224279 /* DDGBannerScrollView */,
				F76D560A21DDA6A60011D709 /* SegmentView */,
				F771E84721C9FDE400DE2C28 /* MyButton.h */,
				F771E84821C9FDE400DE2C28 /* MyButton.m */,
				F771E85F21CA2FB000DE2C28 /* MyAleartView.h */,
				F771E86021CA2FB000DE2C28 /* MyAleartView.m */,
				F7313DE221D0968F002B11D3 /* MySectionHeaderView.h */,
				F7313DE321D0968F002B11D3 /* MySectionHeaderView.m */,
			);
			path = TestView;
			sourceTree = "<group>";
		};
		F771E84921C9FDE400DE2C28 /* TestVC */ = {
			isa = PBXGroup;
			children = (
				F771E84B21C9FDE400DE2C28 /* TestmMyButtonVCtrl.h */,
				F771E85C21CA2F7900DE2C28 /* UIAleartViewController.h */,
				F771E85D21CA2F7900DE2C28 /* UIAleartViewController.m */,
				F771E84A21C9FDE400DE2C28 /* TestmMyButtonVCtrl.m */,
				F7313DC821D084D2002B11D3 /* UIColorGradientVCtrl.h */,
				F7313DC921D084D2002B11D3 /* UIColorGradientVCtrl.m */,
				F76D560721DDA5FA0011D709 /* TestSegmentViewController.h */,
				F76D560821DDA5FA0011D709 /* TestSegmentViewController.m */,
			);
			path = TestVC;
			sourceTree = "<group>";
		};
		F771E84E21C9FDEB00DE2C28 /* Home */ = {
			isa = PBXGroup;
			children = (
				F771E84F21C9FDEB00DE2C28 /* VC */,
				F771E85221C9FDEB00DE2C28 /* model */,
				F771E85321C9FDEB00DE2C28 /* view */,
			);
			path = Home;
			sourceTree = "<group>";
		};
		F771E84F21C9FDEB00DE2C28 /* VC */ = {
			isa = PBXGroup;
			children = (
				F771E85121C9FDEB00DE2C28 /* HomeViewController.h */,
				F771E85021C9FDEB00DE2C28 /* HomeViewController.m */,
			);
			path = VC;
			sourceTree = "<group>";
		};
		F771E85221C9FDEB00DE2C28 /* model */ = {
			isa = PBXGroup;
			children = (
			);
			path = model;
			sourceTree = "<group>";
		};
		F771E85321C9FDEB00DE2C28 /* view */ = {
			isa = PBXGroup;
			children = (
			);
			path = view;
			sourceTree = "<group>";
		};
		F771E85521C9FDF100DE2C28 /* Base */ = {
			isa = PBXGroup;
			children = (
				F771E85621C9FDF100DE2C28 /* BaseViewController.m */,
				F771E85721C9FDF100DE2C28 /* ViewController.m */,
				F771E85821C9FDF100DE2C28 /* BaseViewController.h */,
				F771E85921C9FDF100DE2C28 /* ViewController.h */,
			);
			path = Base;
			sourceTree = "<group>";
		};
/* End PBXGroup section */

/* Begin PBXNativeTarget section */
		F722E22E21C88CA000E79AA6 /* MyApp */ = {
			isa = PBXNativeTarget;
			buildConfigurationList = F722E25B21C88CA300E79AA6 /* Build configuration list for PBXNativeTarget "MyApp" */;
			buildPhases = (
				53B9F0363EFE5AE29896DB99 /* [CP] Check Pods Manifest.lock */,
				F722E22B21C88CA000E79AA6 /* Sources */,
				F722E22C21C88CA000E79AA6 /* Frameworks */,
				F722E22D21C88CA000E79AA6 /* Resources */,
				52992B1230451D5394B1C25D /* [CP] Copy Pods Resources */,
			);
			buildRules = (
			);
			dependencies = (
			);
			name = MyApp;
			productName = MyApp;
			productReference = F722E22F21C88CA000E79AA6 /* MyApp.app */;
			productType = "com.apple.product-type.application";
		};
		F722E24621C88CA300E79AA6 /* MyAppTests */ = {
			isa = PBXNativeTarget;
			buildConfigurationList = F722E25E21C88CA300E79AA6 /* Build configuration list for PBXNativeTarget "MyAppTests" */;
			buildPhases = (
				F4AF697CE6F30639DDDEA8BD /* [CP] Check Pods Manifest.lock */,
				F722E24321C88CA300E79AA6 /* Sources */,
				F722E24421C88CA300E79AA6 /* Frameworks */,
				F722E24521C88CA300E79AA6 /* Resources */,
			);
			buildRules = (
			);
			dependencies = (
				F722E24921C88CA300E79AA6 /* PBXTargetDependency */,
			);
			name = MyAppTests;
			productName = MyAppTests;
			productReference = F722E24721C88CA300E79AA6 /* MyAppTests.xctest */;
			productType = "com.apple.product-type.bundle.unit-test";
		};
		F722E25121C88CA300E79AA6 /* MyAppUITests */ = {
			isa = PBXNativeTarget;
			buildConfigurationList = F722E26121C88CA300E79AA6 /* Build configuration list for PBXNativeTarget "MyAppUITests" */;
			buildPhases = (
				BDBC7C7C6A7050253F871EFD /* [CP] Check Pods Manifest.lock */,
				F722E24E21C88CA300E79AA6 /* Sources */,
				F722E24F21C88CA300E79AA6 /* Frameworks */,
				F722E25021C88CA300E79AA6 /* Resources */,
			);
			buildRules = (
			);
			dependencies = (
				F722E25421C88CA300E79AA6 /* PBXTargetDependency */,
			);
			name = MyAppUITests;
			productName = MyAppUITests;
			productReference = F722E25221C88CA300E79AA6 /* MyAppUITests.xctest */;
			productType = "com.apple.product-type.bundle.ui-testing";
		};
/* End PBXNativeTarget section */

/* Begin PBXProject section */
		F722E22721C88CA000E79AA6 /* Project object */ = {
			isa = PBXProject;
			attributes = {
				LastUpgradeCheck = 1010;
				ORGANIZATIONNAME = dudongge;
				TargetAttributes = {
					F722E22E21C88CA000E79AA6 = {
						CreatedOnToolsVersion = 10.1;
					};
					F722E24621C88CA300E79AA6 = {
						CreatedOnToolsVersion = 10.1;
						TestTargetID = F722E22E21C88CA000E79AA6;
					};
					F722E25121C88CA300E79AA6 = {
						CreatedOnToolsVersion = 10.1;
						TestTargetID = F722E22E21C88CA000E79AA6;
					};
				};
			};
			buildConfigurationList = F722E22A21C88CA000E79AA6 /* Build configuration list for PBXProject "MyApp" */;
			compatibilityVersion = "Xcode 9.3";
			developmentRegion = en;
			hasScannedForEncodings = 0;
			knownRegions = (
				en,
				Base,
			);
			mainGroup = F722E22621C88CA000E79AA6;
			productRefGroup = F722E23021C88CA000E79AA6 /* Products */;
			projectDirPath = "";
			projectRoot = "";
			targets = (
				F722E22E21C88CA000E79AA6 /* MyApp */,
				F722E24621C88CA300E79AA6 /* MyAppTests */,
				F722E25121C88CA300E79AA6 /* MyAppUITests */,
			);
		};
/* End PBXProject section */

/* Begin PBXResourcesBuildPhase section */
		F722E22D21C88CA000E79AA6 /* Resources */ = {
			isa = PBXResourcesBuildPhase;
			buildActionMask = 2147483647;
			files = (
				F722E23F21C88CA300E79AA6 /* LaunchScreen.storyboard in Resources */,
				F722E23C21C88CA300E79AA6 /* Assets.xcassets in Resources */,
				F722E23A21C88CA000E79AA6 /* Main.storyboard in Resources */,
			);
			runOnlyForDeploymentPostprocessing = 0;
		};
		F722E24521C88CA300E79AA6 /* Resources */ = {
			isa = PBXResourcesBuildPhase;
			buildActionMask = 2147483647;
			files = (
			);
			runOnlyForDeploymentPostprocessing = 0;
		};
		F722E25021C88CA300E79AA6 /* Resources */ = {
			isa = PBXResourcesBuildPhase;
			buildActionMask = 2147483647;
			files = (
			);
			runOnlyForDeploymentPostprocessing = 0;
		};
/* End PBXResourcesBuildPhase section */

/* Begin PBXShellScriptBuildPhase section */
		52992B1230451D5394B1C25D /* [CP] Copy Pods Resources */ = {
			isa = PBXShellScriptBuildPhase;
			buildActionMask = 2147483647;
			files = (
			);
			inputFileListPaths = (
			);
			inputPaths = (
				"${PODS_ROOT}/Target Support Files/Pods-MyApp/Pods-MyApp-resources.sh",
				"${PODS_ROOT}/MJRefresh/MJRefresh/MJRefresh.bundle",
			);
			name = "[CP] Copy Pods Resources";
			outputFileListPaths = (
			);
			outputPaths = (
				"${TARGET_BUILD_DIR}/${UNLOCALIZED_RESOURCES_FOLDER_PATH}/MJRefresh.bundle",
			);
			runOnlyForDeploymentPostprocessing = 0;
			shellPath = /bin/sh;
			shellScript = "\"${PODS_ROOT}/Target Support Files/Pods-MyApp/Pods-MyApp-resources.sh\"\n";
			showEnvVarsInLog = 0;
		};
		53B9F0363EFE5AE29896DB99 /* [CP] Check Pods Manifest.lock */ = {
			isa = PBXShellScriptBuildPhase;
			buildActionMask = 2147483647;
			files = (
			);
			inputFileListPaths = (
			);
			inputPaths = (
				"${PODS_PODFILE_DIR_PATH}/Podfile.lock",
				"${PODS_ROOT}/Manifest.lock",
			);
			name = "[CP] Check Pods Manifest.lock";
			outputFileListPaths = (
			);
			outputPaths = (
				"$(DERIVED_FILE_DIR)/Pods-MyApp-checkManifestLockResult.txt",
			);
			runOnlyForDeploymentPostprocessing = 0;
			shellPath = /bin/sh;
			shellScript = "diff \"${PODS_PODFILE_DIR_PATH}/Podfile.lock\" \"${PODS_ROOT}/Manifest.lock\" > /dev/null\nif [ $? != 0 ] ; then\n    # print error to STDERR\n    echo \"error: The sandbox is not in sync with the Podfile.lock. Run 'pod install' or update your CocoaPods installation.\" >&2\n    exit 1\nfi\n# This output is used by Xcode 'outputs' to avoid re-running this script phase.\necho \"SUCCESS\" > \"${SCRIPT_OUTPUT_FILE_0}\"\n";
			showEnvVarsInLog = 0;
		};
		BDBC7C7C6A7050253F871EFD /* [CP] Check Pods Manifest.lock */ = {
			isa = PBXShellScriptBuildPhase;
			buildActionMask = 2147483647;
			files = (
			);
			inputFileListPaths = (
			);
			inputPaths = (
				"${PODS_PODFILE_DIR_PATH}/Podfile.lock",
				"${PODS_ROOT}/Manifest.lock",
			);
			name = "[CP] Check Pods Manifest.lock";
			outputFileListPaths = (
			);
			outputPaths = (
				"$(DERIVED_FILE_DIR)/Pods-MyAppUITests-checkManifestLockResult.txt",
			);
			runOnlyForDeploymentPostprocessing = 0;
			shellPath = /bin/sh;
			shellScript = "diff \"${PODS_PODFILE_DIR_PATH}/Podfile.lock\" \"${PODS_ROOT}/Manifest.lock\" > /dev/null\nif [ $? != 0 ] ; then\n    # print error to STDERR\n    echo \"error: The sandbox is not in sync with the Podfile.lock. Run 'pod install' or update your CocoaPods installation.\" >&2\n    exit 1\nfi\n# This output is used by Xcode 'outputs' to avoid re-running this script phase.\necho \"SUCCESS\" > \"${SCRIPT_OUTPUT_FILE_0}\"\n";
			showEnvVarsInLog = 0;
		};
		F4AF697CE6F30639DDDEA8BD /* [CP] Check Pods Manifest.lock */ = {
			isa = PBXShellScriptBuildPhase;
			buildActionMask = 2147483647;
			files = (
			);
			inputFileListPaths = (
			);
			inputPaths = (
				"${PODS_PODFILE_DIR_PATH}/Podfile.lock",
				"${PODS_ROOT}/Manifest.lock",
			);
			name = "[CP] Check Pods Manifest.lock";
			outputFileListPaths = (
			);
			outputPaths = (
				"$(DERIVED_FILE_DIR)/Pods-MyAppTests-checkManifestLockResult.txt",
			);
			runOnlyForDeploymentPostprocessing = 0;
			shellPath = /bin/sh;
			shellScript = "diff \"${PODS_PODFILE_DIR_PATH}/Podfile.lock\" \"${PODS_ROOT}/Manifest.lock\" > /dev/null\nif [ $? != 0 ] ; then\n    # print error to STDERR\n    echo \"error: The sandbox is not in sync with the Podfile.lock. Run 'pod install' or update your CocoaPods installation.\" >&2\n    exit 1\nfi\n# This output is used by Xcode 'outputs' to avoid re-running this script phase.\necho \"SUCCESS\" > \"${SCRIPT_OUTPUT_FILE_0}\"\n";
			showEnvVarsInLog = 0;
		};
/* End PBXShellScriptBuildPhase section */

/* Begin PBXSourcesBuildPhase section */
		F722E22B21C88CA000E79AA6 /* Sources */ = {
			isa = PBXSourcesBuildPhase;
			buildActionMask = 2147483647;
			files = (
				F70072A921E892C40005918D /* WeatherInfo.m in Sources */,
				F70072FA21E8BCA60005918D /* liveListModel.m in Sources */,
				F771E85B21C9FDF100DE2C28 /* ViewController.m in Sources */,
				F771E82E21C9F6FF00DE2C28 /* HXStaticConstant.m in Sources */,
				F771E85A21C9FDF100DE2C28 /* BaseViewController.m in Sources */,
				F771E84C21C9FDE400DE2C28 /* MyButton.m in Sources */,
				F76D560921DDA5FA0011D709 /* TestSegmentViewController.m in Sources */,
				F771E83D21C9FDD700DE2C28 /* MineViewController.m in Sources */,
				F7707E5D21E48F4100224279 /* UIView+DDGExtension.m in Sources */,
				F771E82B21C9F6FF00DE2C28 /* HXMessageAlertTool.m in Sources */,
				F771E82F21C9F6FF00DE2C28 /* RefreshTool.m in Sources */,
				F76D563121DEF7F20011D709 /* BBComicHomeCalendarModel.m in Sources */,
				F76D560F21DDA6B40011D709 /* BBComicSegmentView.m in Sources */,
				F70072BA21E896010005918D /* AFHTTPSessionManager.m in Sources */,
				F771E83021C9F6FF00DE2C28 /* Foundation+Log.m in Sources */,
				F76D561721DDE8AD0011D709 /* SegmentCalendarModel.m in Sources */,
				F700729F21E8919C0005918D /* NSObject+YYModel.m in Sources */,
				F771E83321C9F6FF00DE2C28 /* UIView+LLExtension.m in Sources */,
				F722E24221C88CA300E79AA6 /* main.m in Sources */,
				F7313DE421D0968F002B11D3 /* MySectionHeaderView.m in Sources */,
				F7707E6321E48F4100224279 /* DDGHorizontalPageControl.m in Sources */,
				F771E86121CA2FB000DE2C28 /* MyAleartView.m in Sources */,
				F70072BE21E896010005918D /* AFSecurityPolicy.m in Sources */,
				F7707E5E21E48F4100224279 /* DDGBannerScrollView.m in Sources */,
				F70072BD21E896010005918D /* AFNetworkReachabilityManager.m in Sources */,
				F771E84321C9FDDF00DE2C28 /* MyTabViewController.m in Sources */,
				F7707E6121E48F4100224279 /* DDGPageControl.m in Sources */,
				F76D561021DDA6B40011D709 /* BBComicSegmentItem.m in Sources */,
				F771E84D21C9FDE400DE2C28 /* TestmMyButtonVCtrl.m in Sources */,
				F771E82A21C9F6FF00DE2C28 /* HXNavBar.m in Sources */,
				F70072B921E896010005918D /* AFURLResponseSerialization.m in Sources */,
				F7707E6421E48F4100224279 /* DDGDotView.m in Sources */,
				F70072FB21E8BCA60005918D /* ChildrenListModel.m in Sources */,
				F722E23421C88CA000E79AA6 /* AppDelegate.m in Sources */,
				F7313DCA21D084D2002B11D3 /* UIColorGradientVCtrl.m in Sources */,
				F70072BC21E896010005918D /* AFURLRequestSerialization.m in Sources */,
				F771E83521C9F6FF00DE2C28 /* LLBaseShowView.m in Sources */,
				F7707E5F21E48F4100224279 /* DDGCollectionViewCell.m in Sources */,
				F771E83121C9F6FF00DE2C28 /* XZMBProgressManager.m in Sources */,
				F771E83421C9F6FF00DE2C28 /* Constant.m in Sources */,
				F771E82C21C9F6FF00DE2C28 /* UIImage+LLExtension.m in Sources */,
				F7707E5B21E48F4100224279 /* DDGAnimationPageControl.m in Sources */,
				F70072A021E8919C0005918D /* YYClassInfo.m in Sources */,
				F7707E5C21E48F4100224279 /* UIColor+MyExtension.m in Sources */,
				F7707E6021E48F4100224279 /* DDGAnimatedDotView.m in Sources */,
				F771E83221C9F6FF00DE2C28 /* UIBarButtonItem+LLExtension.m in Sources */,
				F7707E6221E48F4100224279 /* DDGAbstractDotView.m in Sources */,
				F771E85E21CA2F7900DE2C28 /* UIAleartViewController.m in Sources */,
				F771E85421C9FDEB00DE2C28 /* HomeViewController.m in Sources */,
				F771E84421C9FDDF00DE2C28 /* LLNavigationController.m in Sources */,
				F70072BB21E896010005918D /* AFURLSessionManager.m in Sources */,
				F70072F921E8BCA60005918D /* CatalogueListAppModel.m in Sources */,
			);
			runOnlyForDeploymentPostprocessing = 0;
		};
		F722E24321C88CA300E79AA6 /* Sources */ = {
			isa = PBXSourcesBuildPhase;
			buildActionMask = 2147483647;
			files = (
				F722E24C21C88CA300E79AA6 /* MyAppTests.m in Sources */,
			);
			runOnlyForDeploymentPostprocessing = 0;
		};
		F722E24E21C88CA300E79AA6 /* Sources */ = {
			isa = PBXSourcesBuildPhase;
			buildActionMask = 2147483647;
			files = (
				F722E25721C88CA300E79AA6 /* MyAppUITests.m in Sources */,
			);
			runOnlyForDeploymentPostprocessing = 0;
		};
/* End PBXSourcesBuildPhase section */

/* Begin PBXTargetDependency section */
		F722E24921C88CA300E79AA6 /* PBXTargetDependency */ = {
			isa = PBXTargetDependency;
			target = F722E22E21C88CA000E79AA6 /* MyApp */;
			targetProxy = F722E24821C88CA300E79AA6 /* PBXContainerItemProxy */;
		};
		F722E25421C88CA300E79AA6 /* PBXTargetDependency */ = {
			isa = PBXTargetDependency;
			target = F722E22E21C88CA000E79AA6 /* MyApp */;
			targetProxy = F722E25321C88CA300E79AA6 /* PBXContainerItemProxy */;
		};
/* End PBXTargetDependency section */

/* Begin PBXVariantGroup section */
		F722E23821C88CA000E79AA6 /* Main.storyboard */ = {
			isa = PBXVariantGroup;
			children = (
				F722E23921C88CA000E79AA6 /* Base */,
			);
			name = Main.storyboard;
			sourceTree = "<group>";
		};
		F722E23D21C88CA300E79AA6 /* LaunchScreen.storyboard */ = {
			isa = PBXVariantGroup;
			children = (
				F722E23E21C88CA300E79AA6 /* Base */,
			);
			name = LaunchScreen.storyboard;
			sourceTree = "<group>";
		};
/* End PBXVariantGroup section */

/* Begin XCBuildConfiguration section */
		F722E25921C88CA300E79AA6 /* Debug */ = {
			isa = XCBuildConfiguration;
			buildSettings = {
				ALWAYS_SEARCH_USER_PATHS = NO;
				CLANG_ANALYZER_NONNULL = YES;
				CLANG_ANALYZER_NUMBER_OBJECT_CONVERSION = YES_AGGRESSIVE;
				CLANG_CXX_LANGUAGE_STANDARD = "gnu++14";
				CLANG_CXX_LIBRARY = "libc++";
				CLANG_ENABLE_MODULES = YES;
				CLANG_ENABLE_OBJC_ARC = YES;
				CLANG_ENABLE_OBJC_WEAK = YES;
				CLANG_WARN_BLOCK_CAPTURE_AUTORELEASING = YES;
				CLANG_WARN_BOOL_CONVERSION = YES;
				CLANG_WARN_COMMA = YES;
				CLANG_WARN_CONSTANT_CONVERSION = YES;
				CLANG_WARN_DEPRECATED_OBJC_IMPLEMENTATIONS = YES;
				CLANG_WARN_DIRECT_OBJC_ISA_USAGE = YES_ERROR;
				CLANG_WARN_DOCUMENTATION_COMMENTS = YES;
				CLANG_WARN_EMPTY_BODY = YES;
				CLANG_WARN_ENUM_CONVERSION = YES;
				CLANG_WARN_INFINITE_RECURSION = YES;
				CLANG_WARN_INT_CONVERSION = YES;
				CLANG_WARN_NON_LITERAL_NULL_CONVERSION = YES;
				CLANG_WARN_OBJC_IMPLICIT_RETAIN_SELF = YES;
				CLANG_WARN_OBJC_LITERAL_CONVERSION = YES;
				CLANG_WARN_OBJC_ROOT_CLASS = YES_ERROR;
				CLANG_WARN_RANGE_LOOP_ANALYSIS = YES;
				CLANG_WARN_STRICT_PROTOTYPES = YES;
				CLANG_WARN_SUSPICIOUS_MOVE = YES;
				CLANG_WARN_UNGUARDED_AVAILABILITY = YES_AGGRESSIVE;
				CLANG_WARN_UNREACHABLE_CODE = YES;
				CLANG_WARN__DUPLICATE_METHOD_MATCH = YES;
				CODE_SIGN_IDENTITY = "iPhone Developer";
				COPY_PHASE_STRIP = NO;
				DEBUG_INFORMATION_FORMAT = dwarf;
				ENABLE_STRICT_OBJC_MSGSEND = YES;
				ENABLE_TESTABILITY = YES;
				GCC_C_LANGUAGE_STANDARD = gnu11;
				GCC_DYNAMIC_NO_PIC = NO;
				GCC_NO_COMMON_BLOCKS = YES;
				GCC_OPTIMIZATION_LEVEL = 0;
				GCC_PREPROCESSOR_DEFINITIONS = (
					"DEBUG=1",
					"$(inherited)",
				);
				GCC_WARN_64_TO_32_BIT_CONVERSION = YES;
				GCC_WARN_ABOUT_RETURN_TYPE = YES_ERROR;
				GCC_WARN_UNDECLARED_SELECTOR = YES;
				GCC_WARN_UNINITIALIZED_AUTOS = YES_AGGRESSIVE;
				GCC_WARN_UNUSED_FUNCTION = YES;
				GCC_WARN_UNUSED_VARIABLE = YES;
				IPHONEOS_DEPLOYMENT_TARGET = 12.1;
				MTL_ENABLE_DEBUG_INFO = INCLUDE_SOURCE;
				MTL_FAST_MATH = YES;
				ONLY_ACTIVE_ARCH = YES;
				SDKROOT = iphoneos;
			};
			name = Debug;
		};
		F722E25A21C88CA300E79AA6 /* Release */ = {
			isa = XCBuildConfiguration;
			buildSettings = {
				ALWAYS_SEARCH_USER_PATHS = NO;
				CLANG_ANALYZER_NONNULL = YES;
				CLANG_ANALYZER_NUMBER_OBJECT_CONVERSION = YES_AGGRESSIVE;
				CLANG_CXX_LANGUAGE_STANDARD = "gnu++14";
				CLANG_CXX_LIBRARY = "libc++";
				CLANG_ENABLE_MODULES = YES;
				CLANG_ENABLE_OBJC_ARC = YES;
				CLANG_ENABLE_OBJC_WEAK = YES;
				CLANG_WARN_BLOCK_CAPTURE_AUTORELEASING = YES;
				CLANG_WARN_BOOL_CONVERSION = YES;
				CLANG_WARN_COMMA = YES;
				CLANG_WARN_CONSTANT_CONVERSION = YES;
				CLANG_WARN_DEPRECATED_OBJC_IMPLEMENTATIONS = YES;
				CLANG_WARN_DIRECT_OBJC_ISA_USAGE = YES_ERROR;
				CLANG_WARN_DOCUMENTATION_COMMENTS = YES;
				CLANG_WARN_EMPTY_BODY = YES;
				CLANG_WARN_ENUM_CONVERSION = YES;
				CLANG_WARN_INFINITE_RECURSION = YES;
				CLANG_WARN_INT_CONVERSION = YES;
				CLANG_WARN_NON_LITERAL_NULL_CONVERSION = YES;
				CLANG_WARN_OBJC_IMPLICIT_RETAIN_SELF = YES;
				CLANG_WARN_OBJC_LITERAL_CONVERSION = YES;
				CLANG_WARN_OBJC_ROOT_CLASS = YES_ERROR;
				CLANG_WARN_RANGE_LOOP_ANALYSIS = YES;
				CLANG_WARN_STRICT_PROTOTYPES = YES;
				CLANG_WARN_SUSPICIOUS_MOVE = YES;
				CLANG_WARN_UNGUARDED_AVAILABILITY = YES_AGGRESSIVE;
				CLANG_WARN_UNREACHABLE_CODE = YES;
				CLANG_WARN__DUPLICATE_METHOD_MATCH = YES;
				CODE_SIGN_IDENTITY = "iPhone Developer";
				COPY_PHASE_STRIP = NO;
				DEBUG_INFORMATION_FORMAT = "dwarf-with-dsym";
				ENABLE_NS_ASSERTIONS = NO;
				ENABLE_STRICT_OBJC_MSGSEND = YES;
				GCC_C_LANGUAGE_STANDARD = gnu11;
				GCC_NO_COMMON_BLOCKS = YES;
				GCC_WARN_64_TO_32_BIT_CONVERSION = YES;
				GCC_WARN_ABOUT_RETURN_TYPE = YES_ERROR;
				GCC_WARN_UNDECLARED_SELECTOR = YES;
				GCC_WARN_UNINITIALIZED_AUTOS = YES_AGGRESSIVE;
				GCC_WARN_UNUSED_FUNCTION = YES;
				GCC_WARN_UNUSED_VARIABLE = YES;
				IPHONEOS_DEPLOYMENT_TARGET = 12.1;
				MTL_ENABLE_DEBUG_INFO = NO;
				MTL_FAST_MATH = YES;
				SDKROOT = iphoneos;
				VALIDATE_PRODUCT = YES;
			};
			name = Release;
		};
		F722E25C21C88CA300E79AA6 /* Debug */ = {
			isa = XCBuildConfiguration;
			baseConfigurationReference = 3FA2B9EE3FA57E5338FD5492 /* Pods-MyApp.debug.xcconfig */;
			buildSettings = {
				ASSETCATALOG_COMPILER_APPICON_NAME = AppIcon;
				CODE_SIGN_STYLE = Automatic;
				DEVELOPMENT_TEAM = 7FPUQV8RGB;
				GCC_PRECOMPILE_PREFIX_HEADER = YES;
				GCC_PREFIX_HEADER = "$(SRCROOT)/MyApp/Category/PrefixHeader.pch";
				INFOPLIST_FILE = MyApp/Info.plist;
				LD_RUNPATH_SEARCH_PATHS = (
					"$(inherited)",
					"@executable_path/Frameworks",
				);
				PRODUCT_BUNDLE_IDENTIFIER = dudongge.com.MyApp;
				PRODUCT_NAME = "$(TARGET_NAME)";
				TARGETED_DEVICE_FAMILY = "1,2";
			};
			name = Debug;
		};
		F722E25D21C88CA300E79AA6 /* Release */ = {
			isa = XCBuildConfiguration;
			baseConfigurationReference = 6DED534F39832B88806A7C57 /* Pods-MyApp.release.xcconfig */;
			buildSettings = {
				ASSETCATALOG_COMPILER_APPICON_NAME = AppIcon;
				CODE_SIGN_STYLE = Automatic;
				DEVELOPMENT_TEAM = 7FPUQV8RGB;
				GCC_PRECOMPILE_PREFIX_HEADER = YES;
				GCC_PREFIX_HEADER = "$(SRCROOT)/MyApp/Category/PrefixHeader.pch";
				INFOPLIST_FILE = MyApp/Info.plist;
				LD_RUNPATH_SEARCH_PATHS = (
					"$(inherited)",
					"@executable_path/Frameworks",
				);
				PRODUCT_BUNDLE_IDENTIFIER = dudongge.com.MyApp;
				PRODUCT_NAME = "$(TARGET_NAME)";
				TARGETED_DEVICE_FAMILY = "1,2";
			};
			name = Release;
		};
		F722E25F21C88CA300E79AA6 /* Debug */ = {
			isa = XCBuildConfiguration;
			baseConfigurationReference = 5EBA39ED1BE244273309A2EB /* Pods-MyAppTests.debug.xcconfig */;
			buildSettings = {
				BUNDLE_LOADER = "$(TEST_HOST)";
				CODE_SIGN_STYLE = Automatic;
				DEVELOPMENT_TEAM = 9WLD5M7QVM;
				INFOPLIST_FILE = MyAppTests/Info.plist;
				LD_RUNPATH_SEARCH_PATHS = (
					"$(inherited)",
					"@executable_path/Frameworks",
					"@loader_path/Frameworks",
				);
				PRODUCT_BUNDLE_IDENTIFIER = dudongge.com.MyAppTests;
				PRODUCT_NAME = "$(TARGET_NAME)";
				TARGETED_DEVICE_FAMILY = "1,2";
				TEST_HOST = "$(BUILT_PRODUCTS_DIR)/MyApp.app/MyApp";
			};
			name = Debug;
		};
		F722E26021C88CA300E79AA6 /* Release */ = {
			isa = XCBuildConfiguration;
			baseConfigurationReference = 0D5ADCCD574E726B681291DF /* Pods-MyAppTests.release.xcconfig */;
			buildSettings = {
				BUNDLE_LOADER = "$(TEST_HOST)";
				CODE_SIGN_STYLE = Automatic;
				DEVELOPMENT_TEAM = 9WLD5M7QVM;
				INFOPLIST_FILE = MyAppTests/Info.plist;
				LD_RUNPATH_SEARCH_PATHS = (
					"$(inherited)",
					"@executable_path/Frameworks",
					"@loader_path/Frameworks",
				);
				PRODUCT_BUNDLE_IDENTIFIER = dudongge.com.MyAppTests;
				PRODUCT_NAME = "$(TARGET_NAME)";
				TARGETED_DEVICE_FAMILY = "1,2";
				TEST_HOST = "$(BUILT_PRODUCTS_DIR)/MyApp.app/MyApp";
			};
			name = Release;
		};
		F722E26221C88CA300E79AA6 /* Debug */ = {
			isa = XCBuildConfiguration;
			baseConfigurationReference = E386FEBEDB136B6B43FE9175 /* Pods-MyAppUITests.debug.xcconfig */;
			buildSettings = {
				CODE_SIGN_STYLE = Automatic;
				DEVELOPMENT_TEAM = 9WLD5M7QVM;
				INFOPLIST_FILE = MyAppUITests/Info.plist;
				LD_RUNPATH_SEARCH_PATHS = (
					"$(inherited)",
					"@executable_path/Frameworks",
					"@loader_path/Frameworks",
				);
				PRODUCT_BUNDLE_IDENTIFIER = dudongge.com.MyAppUITests;
				PRODUCT_NAME = "$(TARGET_NAME)";
				TARGETED_DEVICE_FAMILY = "1,2";
				TEST_TARGET_NAME = MyApp;
			};
			name = Debug;
		};
		F722E26321C88CA300E79AA6 /* Release */ = {
			isa = XCBuildConfiguration;
			baseConfigurationReference = CD777752F154A25E957F26CF /* Pods-MyAppUITests.release.xcconfig */;
			buildSettings = {
				CODE_SIGN_STYLE = Automatic;
				DEVELOPMENT_TEAM = 9WLD5M7QVM;
				INFOPLIST_FILE = MyAppUITests/Info.plist;
				LD_RUNPATH_SEARCH_PATHS = (
					"$(inherited)",
					"@executable_path/Frameworks",
					"@loader_path/Frameworks",
				);
				PRODUCT_BUNDLE_IDENTIFIER = dudongge.com.MyAppUITests;
				PRODUCT_NAME = "$(TARGET_NAME)";
				TARGETED_DEVICE_FAMILY = "1,2";
				TEST_TARGET_NAME = MyApp;
			};
			name = Release;
		};
/* End XCBuildConfiguration section */

/* Begin XCConfigurationList section */
		F722E22A21C88CA000E79AA6 /* Build configuration list for PBXProject "MyApp" */ = {
			isa = XCConfigurationList;
			buildConfigurations = (
				F722E25921C88CA300E79AA6 /* Debug */,
				F722E25A21C88CA300E79AA6 /* Release */,
			);
			defaultConfigurationIsVisible = 0;
			defaultConfigurationName = Release;
		};
		F722E25B21C88CA300E79AA6 /* Build configuration list for PBXNativeTarget "MyApp" */ = {
			isa = XCConfigurationList;
			buildConfigurations = (
				F722E25C21C88CA300E79AA6 /* Debug */,
				F722E25D21C88CA300E79AA6 /* Release */,
			);
			defaultConfigurationIsVisible = 0;
			defaultConfigurationName = Release;
		};
		F722E25E21C88CA300E79AA6 /* Build configuration list for PBXNativeTarget "MyAppTests" */ = {
			isa = XCConfigurationList;
			buildConfigurations = (
				F722E25F21C88CA300E79AA6 /* Debug */,
				F722E26021C88CA300E79AA6 /* Release */,
			);
			defaultConfigurationIsVisible = 0;
			defaultConfigurationName = Release;
		};
		F722E26121C88CA300E79AA6 /* Build configuration list for PBXNativeTarget "MyAppUITests" */ = {
			isa = XCConfigurationList;
			buildConfigurations = (
				F722E26221C88CA300E79AA6 /* Debug */,
				F722E26321C88CA300E79AA6 /* Release */,
			);
			defaultConfigurationIsVisible = 0;
			defaultConfigurationName = Release;
		};
/* End XCConfigurationList section */
	};
	rootObject = F722E22721C88CA000E79AA6 /* Project object */;
}
